// !$*UTF8*$!
{
	archiveVersion = 1;
	classes = {
	};
	objectVersion = 56;
	objects = {

/* Begin PBXBuildFile section */
		31348E142A1CD49200CFC427 /* SwiftUI_Camera_Filter_ExampleApp.swift in Sources */ = {isa = PBXBuildFile; fileRef = 31348E132A1CD49200CFC427 /* SwiftUI_Camera_Filter_ExampleApp.swift */; };
		31348E162A1CD49200CFC427 /* ContentView.swift in Sources */ = {isa = PBXBuildFile; fileRef = 31348E152A1CD49200CFC427 /* ContentView.swift */; };
		31348E182A1CD49300CFC427 /* Assets.xcassets in Resources */ = {isa = PBXBuildFile; fileRef = 31348E172A1CD49300CFC427 /* Assets.xcassets */; };
		31348E1B2A1CD49300CFC427 /* Preview Assets.xcassets in Resources */ = {isa = PBXBuildFile; fileRef = 31348E1A2A1CD49300CFC427 /* Preview Assets.xcassets */; };
		31348E232A1CD4C000CFC427 /* CameraError.swift in Sources */ = {isa = PBXBuildFile; fileRef = 31348E222A1CD4C000CFC427 /* CameraError.swift */; };
		31348E252A1CD4F000CFC427 /* CameraManager.swift in Sources */ = {isa = PBXBuildFile; fileRef = 31348E242A1CD4F000CFC427 /* CameraManager.swift */; };
		31348E272A1CD80A00CFC427 /* FrameManager.swift in Sources */ = {isa = PBXBuildFile; fileRef = 31348E262A1CD80A00CFC427 /* FrameManager.swift */; };
		31348E2A2A1CD97F00CFC427 /* ViewModel.swift in Sources */ = {isa = PBXBuildFile; fileRef = 31348E292A1CD97F00CFC427 /* ViewModel.swift */; };
		31348E2D2A1CDC1B00CFC427 /* CGImage+Extended.swift in Sources */ = {isa = PBXBuildFile; fileRef = 31348E2C2A1CDC1B00CFC427 /* CGImage+Extended.swift */; };
		31348E302A1CDD2000CFC427 /* ToggleButton.swift in Sources */ = {isa = PBXBuildFile; fileRef = 31348E2F2A1CDD2000CFC427 /* ToggleButton.swift */; };
		31348E322A1CDDB100CFC427 /* FrameView.swift in Sources */ = {isa = PBXBuildFile; fileRef = 31348E312A1CDDB100CFC427 /* FrameView.swift */; };
		31348E342A1CDE2900CFC427 /* ErrorView.swift in Sources */ = {isa = PBXBuildFile; fileRef = 31348E332A1CDE2900CFC427 /* ErrorView.swift */; };
		31348E362A1CDE9400CFC427 /* ControlView.swift in Sources */ = {isa = PBXBuildFile; fileRef = 31348E352A1CDE9400CFC427 /* ControlView.swift */; };
/* End PBXBuildFile section */

/* Begin PBXFileReference section */
		31348E102A1CD49200CFC427 /* SwiftUI_Camera_Filter_Example.app */ = {isa = PBXFileReference; explicitFileType = wrapper.application; includeInIndex = 0; path = SwiftUI_Camera_Filter_Example.app; sourceTree = BUILT_PRODUCTS_DIR; };
		31348E132A1CD49200CFC427 /* SwiftUI_Camera_Filter_ExampleApp.swift */ = {isa = PBXFileReference; lastKnownFileType = sourcecode.swift; path = SwiftUI_Camera_Filter_ExampleApp.swift; sourceTree = "<group>"; };
		31348E152A1CD49200CFC427 /* ContentView.swift */ = {isa = PBXFileReference; lastKnownFileType = sourcecode.swift; path = ContentView.swift; sourceTree = "<group>"; };
		31348E172A1CD49300CFC427 /* Assets.xcassets */ = {isa = PBXFileReference; lastKnownFileType = folder.assetcatalog; path = Assets.xcassets; sourceTree = "<group>"; };
		31348E1A2A1CD49300CFC427 /* Preview Assets.xcassets */ = {isa = PBXFileReference; lastKnownFileType = folder.assetcatalog; path = "Preview Assets.xcassets"; sourceTree = "<group>"; };
		31348E222A1CD4C000CFC427 /* CameraError.swift */ = {isa = PBXFileReference; lastKnownFileType = sourcecode.swift; path = CameraError.swift; sourceTree = "<group>"; };
		31348E242A1CD4F000CFC427 /* CameraManager.swift */ = {isa = PBXFileReference; lastKnownFileType = sourcecode.swift; path = CameraManager.swift; sourceTree = "<group>"; };
		31348E262A1CD80A00CFC427 /* FrameManager.swift */ = {isa = PBXFileReference; lastKnownFileType = sourcecode.swift; path = FrameManager.swift; sourceTree = "<group>"; };
		31348E292A1CD97F00CFC427 /* ViewModel.swift */ = {isa = PBXFileReference; lastKnownFileType = sourcecode.swift; path = ViewModel.swift; sourceTree = "<group>"; };
		31348E2C2A1CDC1B00CFC427 /* CGImage+Extended.swift */ = {isa = PBXFileReference; lastKnownFileType = sourcecode.swift; path = "CGImage+Extended.swift"; sourceTree = "<group>"; };
		31348E2F2A1CDD2000CFC427 /* ToggleButton.swift */ = {isa = PBXFileReference; lastKnownFileType = sourcecode.swift; path = ToggleButton.swift; sourceTree = "<group>"; };
		31348E312A1CDDB100CFC427 /* FrameView.swift */ = {isa = PBXFileReference; lastKnownFileType = sourcecode.swift; path = FrameView.swift; sourceTree = "<group>"; };
		31348E332A1CDE2900CFC427 /* ErrorView.swift */ = {isa = PBXFileReference; lastKnownFileType = sourcecode.swift; path = ErrorView.swift; sourceTree = "<group>"; };
		31348E352A1CDE9400CFC427 /* ControlView.swift */ = {isa = PBXFileReference; lastKnownFileType = sourcecode.swift; path = ControlView.swift; sourceTree = "<group>"; };
/* End PBXFileReference section */

/* Begin PBXFrameworksBuildPhase section */
		31348E0D2A1CD49200CFC427 /* Frameworks */ = {
			isa = PBXFrameworksBuildPhase;
			buildActionMask = 2147483647;
			files = (
			);
			runOnlyForDeploymentPostprocessing = 0;
		};
/* End PBXFrameworksBuildPhase section */

/* Begin PBXGroup section */
		31348E072A1CD49200CFC427 = {
			isa = PBXGroup;
			children = (
				31348E122A1CD49200CFC427 /* SwiftUI_Camera_Filter_Example */,
				31348E112A1CD49200CFC427 /* Products */,
			);
			sourceTree = "<group>";
		};
		31348E112A1CD49200CFC427 /* Products */ = {
			isa = PBXGroup;
			children = (
				31348E102A1CD49200CFC427 /* SwiftUI_Camera_Filter_Example.app */,
			);
			name = Products;
			sourceTree = "<group>";
		};
		31348E122A1CD49200CFC427 /* SwiftUI_Camera_Filter_Example */ = {
			isa = PBXGroup;
			children = (
				31348E2B2A1CDBF300CFC427 /* Extension */,
				31348E282A1CD97200CFC427 /* ViewModel */,
				31348E212A1CD4AB00CFC427 /* Util */,
				31348E2E2A1CDCFB00CFC427 /* View */,
				31348E132A1CD49200CFC427 /* SwiftUI_Camera_Filter_ExampleApp.swift */,
				31348E152A1CD49200CFC427 /* ContentView.swift */,
				31348E172A1CD49300CFC427 /* Assets.xcassets */,
				31348E192A1CD49300CFC427 /* Preview Content */,
			);
			path = SwiftUI_Camera_Filter_Example;
			sourceTree = "<group>";
		};
		31348E192A1CD49300CFC427 /* Preview Content */ = {
			isa = PBXGroup;
			children = (
				31348E1A2A1CD49300CFC427 /* Preview Assets.xcassets */,
			);
			path = "Preview Content";
			sourceTree = "<group>";
		};
		31348E212A1CD4AB00CFC427 /* Util */ = {
			isa = PBXGroup;
			children = (
				31348E222A1CD4C000CFC427 /* CameraError.swift */,
				31348E242A1CD4F000CFC427 /* CameraManager.swift */,
				31348E262A1CD80A00CFC427 /* FrameManager.swift */,
			);
			path = Util;
			sourceTree = "<group>";
		};
		31348E282A1CD97200CFC427 /* ViewModel */ = {
			isa = PBXGroup;
			children = (
				31348E292A1CD97F00CFC427 /* ViewModel.swift */,
			);
			path = ViewModel;
			sourceTree = "<group>";
		};
		31348E2B2A1CDBF300CFC427 /* Extension */ = {
			isa = PBXGroup;
			children = (
				31348E2C2A1CDC1B00CFC427 /* CGImage+Extended.swift */,
			);
			path = Extension;
			sourceTree = "<group>";
		};
		31348E2E2A1CDCFB00CFC427 /* View */ = {
			isa = PBXGroup;
			children = (
				31348E2F2A1CDD2000CFC427 /* ToggleButton.swift */,
				31348E312A1CDDB100CFC427 /* FrameView.swift */,
				31348E332A1CDE2900CFC427 /* ErrorView.swift */,
				31348E352A1CDE9400CFC427 /* ControlView.swift */,
			);
			path = View;
			sourceTree = "<group>";
		};
/* End PBXGroup section */

/* Begin PBXNativeTarget section */
		31348E0F2A1CD49200CFC427 /* SwiftUI_Camera_Filter_Example */ = {
			isa = PBXNativeTarget;
			buildConfigurationList = 31348E1E2A1CD49300CFC427 /* Build configuration list for PBXNativeTarget "SwiftUI_Camera_Filter_Example" */;
			buildPhases = (
				31348E0C2A1CD49200CFC427 /* Sources */,
				31348E0D2A1CD49200CFC427 /* Frameworks */,
				31348E0E2A1CD49200CFC427 /* Resources */,
			);
			buildRules = (
			);
			dependencies = (
			);
			name = SwiftUI_Camera_Filter_Example;
			productName = SwiftUI_Camera_Filter_Example;
			productReference = 31348E102A1CD49200CFC427 /* SwiftUI_Camera_Filter_Example.app */;
			productType = "com.apple.product-type.application";
		};
/* End PBXNativeTarget section */

/* Begin PBXProject section */
		31348E082A1CD49200CFC427 /* Project object */ = {
			isa = PBXProject;
			attributes = {
				BuildIndependentTargetsInParallel = 1;
				LastSwiftUpdateCheck = 1430;
				LastUpgradeCheck = 1430;
				TargetAttributes = {
					31348E0F2A1CD49200CFC427 = {
						CreatedOnToolsVersion = 14.3;
					};
				};
			};
			buildConfigurationList = 31348E0B2A1CD49200CFC427 /* Build configuration list for PBXProject "SwiftUI_Camera_Filter_Example" */;
			compatibilityVersion = "Xcode 14.0";
			developmentRegion = en;
			hasScannedForEncodings = 0;
			knownRegions = (
				en,
				Base,
			);
			mainGroup = 31348E072A1CD49200CFC427;
			productRefGroup = 31348E112A1CD49200CFC427 /* Products */;
			projectDirPath = "";
			projectRoot = "";
			targets = (
				31348E0F2A1CD49200CFC427 /* SwiftUI_Camera_Filter_Example */,
			);
		};
/* End PBXProject section */

/* Begin PBXResourcesBuildPhase section */
		31348E0E2A1CD49200CFC427 /* Resources */ = {
			isa = PBXResourcesBuildPhase;
			buildActionMask = 2147483647;
			files = (
				31348E1B2A1CD49300CFC427 /* Preview Assets.xcassets in Resources */,
				31348E182A1CD49300CFC427 /* Assets.xcassets in Resources */,
			);
			runOnlyForDeploymentPostprocessing = 0;
		};
/* End PBXResourcesBuildPhase section */

/* Begin PBXSourcesBuildPhase section */
		31348E0C2A1CD49200CFC427 /* Sources */ = {
			isa = PBXSourcesBuildPhase;
			buildActionMask = 2147483647;
			files = (
				31348E272A1CD80A00CFC427 /* FrameManager.swift in Sources */,
				31348E162A1CD49200CFC427 /* ContentView.swift in Sources */,
				31348E362A1CDE9400CFC427 /* ControlView.swift in Sources */,
				31348E2D2A1CDC1B00CFC427 /* CGImage+Extended.swift in Sources */,
				31348E322A1CDDB100CFC427 /* FrameView.swift in Sources */,
				31348E302A1CDD2000CFC427 /* ToggleButton.swift in Sources */,
				31348E342A1CDE2900CFC427 /* ErrorView.swift in Sources */,
				31348E142A1CD49200CFC427 /* SwiftUI_Camera_Filter_ExampleApp.swift in Sources */,
				31348E252A1CD4F000CFC427 /* CameraManager.swift in Sources */,
				31348E2A2A1CD97F00CFC427 /* ViewModel.swift in Sources */,
				31348E232A1CD4C000CFC427 /* CameraError.swift in Sources */,
			);
			runOnlyForDeploymentPostprocessing = 0;
		};
/* End PBXSourcesBuildPhase section */

/* Begin XCBuildConfiguration section */
		31348E1C2A1CD49300CFC427 /* Debug */ = {
			isa = XCBuildConfiguration;
			buildSettings = {
				ALWAYS_SEARCH_USER_PATHS = NO;
				CLANG_ANALYZER_NONNULL = YES;
				CLANG_ANALYZER_NUMBER_OBJECT_CONVERSION = YES_AGGRESSIVE;
				CLANG_CXX_LANGUAGE_STANDARD = "gnu++20";
				CLANG_ENABLE_MODULES = YES;
				CLANG_ENABLE_OBJC_ARC = YES;
				CLANG_ENABLE_OBJC_WEAK = YES;
				CLANG_WARN_BLOCK_CAPTURE_AUTORELEASING = YES;
				CLANG_WARN_BOOL_CONVERSION = YES;
				CLANG_WARN_COMMA = YES;
				CLANG_WARN_CONSTANT_CONVERSION = YES;
				CLANG_WARN_DEPRECATED_OBJC_IMPLEMENTATIONS = YES;
				CLANG_WARN_DIRECT_OBJC_ISA_USAGE = YES_ERROR;
				CLANG_WARN_DOCUMENTATION_COMMENTS = YES;
				CLANG_WARN_EMPTY_BODY = YES;
				CLANG_WARN_ENUM_CONVERSION = YES;
				CLANG_WARN_INFINITE_RECURSION = YES;
				CLANG_WARN_INT_CONVERSION = YES;
				CLANG_WARN_NON_LITERAL_NULL_CONVERSION = YES;
				CLANG_WARN_OBJC_IMPLICIT_RETAIN_SELF = YES;
				CLANG_WARN_OBJC_LITERAL_CONVERSION = YES;
				CLANG_WARN_OBJC_ROOT_CLASS = YES_ERROR;
				CLANG_WARN_QUOTED_INCLUDE_IN_FRAMEWORK_HEADER = YES;
				CLANG_WARN_RANGE_LOOP_ANALYSIS = YES;
				CLANG_WARN_STRICT_PROTOTYPES = YES;
				CLANG_WARN_SUSPICIOUS_MOVE = YES;
				CLANG_WARN_UNGUARDED_AVAILABILITY = YES_AGGRESSIVE;
				CLANG_WARN_UNREACHABLE_CODE = YES;
				CLANG_WARN__DUPLICATE_METHOD_MATCH = YES;
				COPY_PHASE_STRIP = NO;
				DEBUG_INFORMATION_FORMAT = dwarf;
				ENABLE_STRICT_OBJC_MSGSEND = YES;
				ENABLE_TESTABILITY = YES;
				GCC_C_LANGUAGE_STANDARD = gnu11;
				GCC_DYNAMIC_NO_PIC = NO;
				GCC_NO_COMMON_BLOCKS = YES;
				GCC_OPTIMIZATION_LEVEL = 0;
				GCC_PREPROCESSOR_DEFINITIONS = (
					"DEBUG=1",
					"$(inherited)",
				);
				GCC_WARN_64_TO_32_BIT_CONVERSION = YES;
				GCC_WARN_ABOUT_RETURN_TYPE = YES_ERROR;
				GCC_WARN_UNDECLARED_SELECTOR = YES;
				GCC_WARN_UNINITIALIZED_AUTOS = YES_AGGRESSIVE;
				GCC_WARN_UNUSED_FUNCTION = YES;
				GCC_WARN_UNUSED_VARIABLE = YES;
				IPHONEOS_DEPLOYMENT_TARGET = 16.4;
				MTL_ENABLE_DEBUG_INFO = INCLUDE_SOURCE;
				MTL_FAST_MATH = YES;
				ONLY_ACTIVE_ARCH = YES;
				SDKROOT = iphoneos;
				SWIFT_ACTIVE_COMPILATION_CONDITIONS = DEBUG;
				SWIFT_OPTIMIZATION_LEVEL = "-Onone";
			};
			name = Debug;
		};
		31348E1D2A1CD49300CFC427 /* Release */ = {
			isa = XCBuildConfiguration;
			buildSettings = {
				ALWAYS_SEARCH_USER_PATHS = NO;
				CLANG_ANALYZER_NONNULL = YES;
				CLANG_ANALYZER_NUMBER_OBJECT_CONVERSION = YES_AGGRESSIVE;
				CLANG_CXX_LANGUAGE_STANDARD = "gnu++20";
				CLANG_ENABLE_MODULES = YES;
				CLANG_ENABLE_OBJC_ARC = YES;
				CLANG_ENABLE_OBJC_WEAK = YES;
				CLANG_WARN_BLOCK_CAPTURE_AUTORELEASING = YES;
				CLANG_WARN_BOOL_CONVERSION = YES;
				CLANG_WARN_COMMA = YES;
				CLANG_WARN_CONSTANT_CONVERSION = YES;
				CLANG_WARN_DEPRECATED_OBJC_IMPLEMENTATIONS = YES;
				CLANG_WARN_DIRECT_OBJC_ISA_USAGE = YES_ERROR;
				CLANG_WARN_DOCUMENTATION_COMMENTS = YES;
				CLANG_WARN_EMPTY_BODY = YES;
				CLANG_WARN_ENUM_CONVERSION = YES;
				CLANG_WARN_INFINITE_RECURSION = YES;
				CLANG_WARN_INT_CONVERSION = YES;
				CLANG_WARN_NON_LITERAL_NULL_CONVERSION = YES;
				CLANG_WARN_OBJC_IMPLICIT_RETAIN_SELF = YES;
				CLANG_WARN_OBJC_LITERAL_CONVERSION = YES;
				CLANG_WARN_OBJC_ROOT_CLASS = YES_ERROR;
				CLANG_WARN_QUOTED_INCLUDE_IN_FRAMEWORK_HEADER = YES;
				CLANG_WARN_RANGE_LOOP_ANALYSIS = YES;
				CLANG_WARN_STRICT_PROTOTYPES = YES;
				CLANG_WARN_SUSPICIOUS_MOVE = YES;
				CLANG_WARN_UNGUARDED_AVAILABILITY = YES_AGGRESSIVE;
				CLANG_WARN_UNREACHABLE_CODE = YES;
				CLANG_WARN__DUPLICATE_METHOD_MATCH = YES;
				COPY_PHASE_STRIP = NO;
				DEBUG_INFORMATION_FORMAT = "dwarf-with-dsym";
				ENABLE_NS_ASSERTIONS = NO;
				ENABLE_STRICT_OBJC_MSGSEND = YES;
				GCC_C_LANGUAGE_STANDARD = gnu11;
				GCC_NO_COMMON_BLOCKS = YES;
				GCC_WARN_64_TO_32_BIT_CONVERSION = YES;
				GCC_WARN_ABOUT_RETURN_TYPE = YES_ERROR;
				GCC_WARN_UNDECLARED_SELECTOR = YES;
				GCC_WARN_UNINITIALIZED_AUTOS = YES_AGGRESSIVE;
				GCC_WARN_UNUSED_FUNCTION = YES;
				GCC_WARN_UNUSED_VARIABLE = YES;
				IPHONEOS_DEPLOYMENT_TARGET = 16.4;
				MTL_ENABLE_DEBUG_INFO = NO;
				MTL_FAST_MATH = YES;
				SDKROOT = iphoneos;
				SWIFT_COMPILATION_MODE = wholemodule;
				SWIFT_OPTIMIZATION_LEVEL = "-O";
				VALIDATE_PRODUCT = YES;
			};
			name = Release;
		};
		31348E1F2A1CD49300CFC427 /* Debug */ = {
			isa = XCBuildConfiguration;
			buildSettings = {
				ASSETCATALOG_COMPILER_APPICON_NAME = AppIcon;
				ASSETCATALOG_COMPILER_GLOBAL_ACCENT_COLOR_NAME = AccentColor;
				CODE_SIGN_STYLE = Automatic;
				CURRENT_PROJECT_VERSION = 1;
				DEVELOPMENT_ASSET_PATHS = "\"SwiftUI_Camera_Filter_Example/Preview Content\"";
				DEVELOPMENT_TEAM = U5LW6HVD99;
				ENABLE_PREVIEWS = YES;
				GENERATE_INFOPLIST_FILE = YES;
				INFOPLIST_KEY_NSCameraUsageDescription = "カメラ利用";
				INFOPLIST_KEY_NSMicrophoneUsageDescription = "カメラ利用";
				INFOPLIST_KEY_UIApplicationSceneManifest_Generation = YES;
				INFOPLIST_KEY_UIApplicationSupportsIndirectInputEvents = YES;
				INFOPLIST_KEY_UILaunchScreen_Generation = YES;
				INFOPLIST_KEY_UISupportedInterfaceOrientations_iPad = "UIInterfaceOrientationPortrait UIInterfaceOrientationPortraitUpsideDown UIInterfaceOrientationLandscapeLeft UIInterfaceOrientationLandscapeRight";
				INFOPLIST_KEY_UISupportedInterfaceOrientations_iPhone = "UIInterfaceOrientationPortrait UIInterfaceOrientationLandscapeLeft UIInterfaceOrientationLandscapeRight";
				LD_RUNPATH_SEARCH_PATHS = (
					"$(inherited)",
					"@executable_path/Frameworks",
				);
				MARKETING_VERSION = 1.0;
				PRODUCT_BUNDLE_IDENTIFIER = "com.yourcompany.SwiftUI-Camera-Filter-Example";
				PRODUCT_NAME = "$(TARGET_NAME)";
				SWIFT_EMIT_LOC_STRINGS = YES;
				SWIFT_VERSION = 5.0;
				TARGETED_DEVICE_FAMILY = "1,2";
			};
			name = Debug;
		};
		31348E202A1CD49300CFC427 /* Release */ = {
			isa = XCBuildConfiguration;
			buildSettings = {
				ASSETCATALOG_COMPILER_APPICON_NAME = AppIcon;
				ASSETCATALOG_COMPILER_GLOBAL_ACCENT_COLOR_NAME = AccentColor;
				CODE_SIGN_STYLE = Automatic;
				CURRENT_PROJECT_VERSION = 1;
				DEVELOPMENT_ASSET_PATHS = "\"SwiftUI_Camera_Filter_Example/Preview Content\"";
				DEVELOPMENT_TEAM = U5LW6HVD99;
				ENABLE_PREVIEWS = YES;
				GENERATE_INFOPLIST_FILE = YES;
				INFOPLIST_KEY_NSCameraUsageDescription = "カメラ利用";
				INFOPLIST_KEY_NSMicrophoneUsageDescription = "カメラ利用";
				INFOPLIST_KEY_UIApplicationSceneManifest_Generation = YES;
				INFOPLIST_KEY_UIApplicationSupportsIndirectInputEvents = YES;
				INFOPLIST_KEY_UILaunchScreen_Generation = YES;
				INFOPLIST_KEY_UISupportedInterfaceOrientations_iPad = "UIInterfaceOrientationPortrait UIInterfaceOrientationPortraitUpsideDown UIInterfaceOrientationLandscapeLeft UIInterfaceOrientationLandscapeRight";
				INFOPLIST_KEY_UISupportedInterfaceOrientations_iPhone = "UIInterfaceOrientationPortrait UIInterfaceOrientationLandscapeLeft UIInterfaceOrientationLandscapeRight";
				LD_RUNPATH_SEARCH_PATHS = (
					"$(inherited)",
					"@executable_path/Frameworks",
				);
				MARKETING_VERSION = 1.0;
				PRODUCT_BUNDLE_IDENTIFIER = "com.yourcompany.SwiftUI-Camera-Filter-Example";
				PRODUCT_NAME = "$(TARGET_NAME)";
				SWIFT_EMIT_LOC_STRINGS = YES;
				SWIFT_VERSION = 5.0;
				TARGETED_DEVICE_FAMILY = "1,2";
			};
			name = Release;
		};
/* End XCBuildConfiguration section */

/* Begin XCConfigurationList section */
		31348E0B2A1CD49200CFC427 /* Build configuration list for PBXProject "SwiftUI_Camera_Filter_Example" */ = {
			isa = XCConfigurationList;
			buildConfigurations = (
				31348E1C2A1CD49300CFC427 /* Debug */,
				31348E1D2A1CD49300CFC427 /* Release */,
			);
			defaultConfigurationIsVisible = 0;
			defaultConfigurationName = Release;
		};
		31348E1E2A1CD49300CFC427 /* Build configuration list for PBXNativeTarget "SwiftUI_Camera_Filter_Example" */ = {
			isa = XCConfigurationList;
			buildConfigurations = (
				31348E1F2A1CD49300CFC427 /* Debug */,
				31348E202A1CD49300CFC427 /* Release */,
			);
			defaultConfigurationIsVisible = 0;
			defaultConfigurationName = Release;
		};
/* End XCConfigurationList section */
	};
	rootObject = 31348E082A1CD49200CFC427 /* Project object */;
}
